
Microsoft Visual Studio Solution File, Format Version 12.00
# Visual Studio Version 17
VisualStudioVersion = 17.6.33717.318
MinimumVisualStudioVersion = 10.0.40219.1
Project("{2150E333-8FDC-42A3-9474-1A3956D46DE8}") = ".solution_items", ".solution_items", "{63EEF78D-3B05-4857-B187-6B437646A496}"
	ProjectSection(SolutionItems) = preProject
		.editorconfig = .editorconfig
		Directory.Build.props = Directory.Build.props
		dotnet-tools.json = dotnet-tools.json
		global.json = global.json
	EndProjectSection
EndProject
Project("{2150E333-8FDC-42A3-9474-1A3956D46DE8}") = "src", "src", "{9A97E4F0-D49C-44F2-BFAD-2F8DE783611E}"
EndProject
Project("{2150E333-8FDC-42A3-9474-1A3956D46DE8}") = "tests", "tests", "{943256D5-6626-4A2D-A616-B9861DFA68FD}"
EndProject
Project("{2150E333-8FDC-42A3-9474-1A3956D46DE8}") = "docs", "docs", "{5B1C4A19-AF21-4B01-B2B7-6641DBA85513}"
	ProjectSection(SolutionItems) = preProject
		README.md = README.md
		docs\Changelog.md = docs\Changelog.md
	EndProjectSection
EndProject
Project("{9A19103F-16F7-4668-BE54-9A1E7A4F7556}") = "ENG.Plugins.Revit", "src\ENG.Plugins.Revit\ENG.Plugins.Revit.csproj", "{EB8D635B-0DEC-4B16-B7C0-31B74C1DB2A8}"
EndProject
Project("{9A19103F-16F7-4668-BE54-9A1E7A4F7556}") = "ENG.Plugins.Build", "src\ENG.Plugins.Build\ENG.Plugins.Build.csproj", "{B5C332C9-A9A0-4707-BD95-EB5F60E03B87}"
EndProject
Project("{9A19103F-16F7-4668-BE54-9A1E7A4F7556}") = "ENG.Plugins.Revit.Installer", "src\ENG.Plugins.Revit.Installer\ENG.Plugins.Revit.Installer.csproj", "{840AF479-5227-4100-A8E0-2C62361FE98B}"
EndProject
Global
	GlobalSection(SolutionConfigurationPlatforms) = preSolution
		Debug|Any CPU = Debug|Any CPU
		Debug2020|Any CPU = Debug2020|Any CPU
		Debug2021|Any CPU = Debug2021|Any CPU
		Debug2022|Any CPU = Debug2022|Any CPU
		Debug2023|Any CPU = Debug2023|Any CPU
		Debug2024|Any CPU = Debug2024|Any CPU
		Debug2025|Any CPU = Debug2025|Any CPU
		Release|Any CPU = Release|Any CPU
		Release2020|Any CPU = Release2020|Any CPU
		Release2021|Any CPU = Release2021|Any CPU
		Release2022|Any CPU = Release2022|Any CPU
		Release2023|Any CPU = Release2023|Any CPU
		Release2024|Any CPU = Release2024|Any CPU
		Release2025|Any CPU = Release2025|Any CPU
		Installer|Any CPU = Installer|Any CPU
	EndGlobalSection
	GlobalSection(ProjectConfigurationPlatforms) = postSolution
		{EB8D635B-0DEC-4B16-B7C0-31B74C1DB2A8}.Debug2022|Any CPU.ActiveCfg = Debug2022|Any CPU
		{EB8D635B-0DEC-4B16-B7C0-31B74C1DB2A8}.Debug2022|Any CPU.Build.0 = Debug2022|Any CPU
		{EB8D635B-0DEC-4B16-B7C0-31B74C1DB2A8}.Debug2023|Any CPU.ActiveCfg = Debug2023|Any CPU
		{EB8D635B-0DEC-4B16-B7C0-31B74C1DB2A8}.Debug2023|Any CPU.Build.0 = Debug2023|Any CPU
		{EB8D635B-0DEC-4B16-B7C0-31B74C1DB2A8}.Debug2024|Any CPU.ActiveCfg = Debug2024|Any CPU
		{EB8D635B-0DEC-4B16-B7C0-31B74C1DB2A8}.Debug2024|Any CPU.Build.0 = Debug2024|Any CPU
		{EB8D635B-0DEC-4B16-B7C0-31B74C1DB2A8}.Release2022|Any CPU.ActiveCfg = Release2022|Any CPU
		{EB8D635B-0DEC-4B16-B7C0-31B74C1DB2A8}.Release2022|Any CPU.Build.0 = Release2022|Any CPU
		{EB8D635B-0DEC-4B16-B7C0-31B74C1DB2A8}.Release2023|Any CPU.ActiveCfg = Release2023|Any CPU
		{EB8D635B-0DEC-4B16-B7C0-31B74C1DB2A8}.Release2023|Any CPU.Build.0 = Release2023|Any CPU
		{EB8D635B-0DEC-4B16-B7C0-31B74C1DB2A8}.Release2024|Any CPU.ActiveCfg = Release2024|Any CPU
		{EB8D635B-0DEC-4B16-B7C0-31B74C1DB2A8}.Release2024|Any CPU.Build.0 = Release2024|Any CPU
		{EB8D635B-0DEC-4B16-B7C0-31B74C1DB2A8}.Debug2025|Any CPU.ActiveCfg = Debug2025|Any CPU
		{EB8D635B-0DEC-4B16-B7C0-31B74C1DB2A8}.Debug2025|Any CPU.Build.0 = Debug2025|Any CPU
		{EB8D635B-0DEC-4B16-B7C0-31B74C1DB2A8}.Release2025|Any CPU.ActiveCfg = Release2025|Any CPU
		{EB8D635B-0DEC-4B16-B7C0-31B74C1DB2A8}.Release2025|Any CPU.Build.0 = Release2025|Any CPU
		{EB8D635B-0DEC-4B16-B7C0-31B74C1DB2A8}.Debug2021|Any CPU.ActiveCfg = Debug2021|Any CPU
		{EB8D635B-0DEC-4B16-B7C0-31B74C1DB2A8}.Debug2021|Any CPU.Build.0 = Debug2021|Any CPU
		{EB8D635B-0DEC-4B16-B7C0-31B74C1DB2A8}.Debug2020|Any CPU.ActiveCfg = Debug2020|Any CPU
		{EB8D635B-0DEC-4B16-B7C0-31B74C1DB2A8}.Debug2020|Any CPU.Build.0 = Debug2020|Any CPU
		{EB8D635B-0DEC-4B16-B7C0-31B74C1DB2A8}.Release2021|Any CPU.ActiveCfg = Release2021|Any CPU
		{EB8D635B-0DEC-4B16-B7C0-31B74C1DB2A8}.Release2021|Any CPU.Build.0 = Release2021|Any CPU
		{EB8D635B-0DEC-4B16-B7C0-31B74C1DB2A8}.Release2020|Any CPU.ActiveCfg = Release2020|Any CPU
		{EB8D635B-0DEC-4B16-B7C0-31B74C1DB2A8}.Release2020|Any CPU.Build.0 = Release2020|Any CPU
		{EB8D635B-0DEC-4B16-B7C0-31B74C1DB2A8}.Debug|Any CPU.ActiveCfg = Debug2023|Any CPU
		{EB8D635B-0DEC-4B16-B7C0-31B74C1DB2A8}.Installer|Any CPU.ActiveCfg = Release2023|Any CPU
		{EB8D635B-0DEC-4B16-B7C0-31B74C1DB2A8}.Release|Any CPU.ActiveCfg = Release2023|Any CPU
		{B5C332C9-A9A0-4707-BD95-EB5F60E03B87}.Debug|Any CPU.ActiveCfg = Debug|Any CPU
		{B5C332C9-A9A0-4707-BD95-EB5F60E03B87}.Debug2023|Any CPU.ActiveCfg = Debug|Any CPU
		{B5C332C9-A9A0-4707-BD95-EB5F60E03B87}.Debug2024|Any CPU.ActiveCfg = Debug|Any CPU
		{B5C332C9-A9A0-4707-BD95-EB5F60E03B87}.Release|Any CPU.ActiveCfg = Release|Any CPU
		{B5C332C9-A9A0-4707-BD95-EB5F60E03B87}.Release2022|Any CPU.ActiveCfg = Release|Any CPU
		{B5C332C9-A9A0-4707-BD95-EB5F60E03B87}.Release2023|Any CPU.ActiveCfg = Release|Any CPU
		{B5C332C9-A9A0-4707-BD95-EB5F60E03B87}.Release2024|Any CPU.ActiveCfg = Release|Any CPU
		{B5C332C9-A9A0-4707-BD95-EB5F60E03B87}.Debug2025|Any CPU.ActiveCfg = Debug|Any CPU
		{B5C332C9-A9A0-4707-BD95-EB5F60E03B87}.Release2025|Any CPU.ActiveCfg = Release|Any CPU
		{B5C332C9-A9A0-4707-BD95-EB5F60E03B87}.Release2020|Any CPU.ActiveCfg = Release|Any CPU
		{B5C332C9-A9A0-4707-BD95-EB5F60E03B87}.Release2021|Any CPU.ActiveCfg = Release|Any CPU
		{B5C332C9-A9A0-4707-BD95-EB5F60E03B87}.Debug2020|Any CPU.ActiveCfg = Debug|Any CPU
		{B5C332C9-A9A0-4707-BD95-EB5F60E03B87}.Debug2021|Any CPU.ActiveCfg = Debug|Any CPU
		{B5C332C9-A9A0-4707-BD95-EB5F60E03B87}.Debug2022|Any CPU.ActiveCfg = Debug|Any CPU
		{B5C332C9-A9A0-4707-BD95-EB5F60E03B87}.Installer|Any CPU.ActiveCfg = Release|Any CPU
		{840AF479-5227-4100-A8E0-2C62361FE98B}.Debug|Any CPU.ActiveCfg = Debug|Any CPU
		{840AF479-5227-4100-A8E0-2C62361FE98B}.Debug2023|Any CPU.ActiveCfg = Debug|Any CPU
		{840AF479-5227-4100-A8E0-2C62361FE98B}.Debug2024|Any CPU.ActiveCfg = Debug|Any CPU
		{840AF479-5227-4100-A8E0-2C62361FE98B}.Release|Any CPU.ActiveCfg = Release|Any CPU
		{840AF479-5227-4100-A8E0-2C62361FE98B}.Release2022|Any CPU.ActiveCfg = Release|Any CPU
		{840AF479-5227-4100-A8E0-2C62361FE98B}.Release2023|Any CPU.ActiveCfg = Release|Any CPU
		{840AF479-5227-4100-A8E0-2C62361FE98B}.Release2024|Any CPU.ActiveCfg = Release|Any CPU
		{840AF479-5227-4100-A8E0-2C62361FE98B}.Debug2025|Any CPU.ActiveCfg = Debug|Any CPU
		{840AF479-5227-4100-A8E0-2C62361FE98B}.Release2025|Any CPU.ActiveCfg = Release|Any CPU
		{840AF479-5227-4100-A8E0-2C62361FE98B}.Release2020|Any CPU.ActiveCfg = Release|Any CPU
		{840AF479-5227-4100-A8E0-2C62361FE98B}.Release2021|Any CPU.ActiveCfg = Release|Any CPU
		{840AF479-5227-4100-A8E0-2C62361FE98B}.Debug2020|Any CPU.ActiveCfg = Debug|Any CPU
		{840AF479-5227-4100-A8E0-2C62361FE98B}.Debug2021|Any CPU.ActiveCfg = Debug|Any CPU
		{840AF479-5227-4100-A8E0-2C62361FE98B}.Debug2022|Any CPU.ActiveCfg = Debug|Any CPU
		{840AF479-5227-4100-A8E0-2C62361FE98B}.Installer|Any CPU.ActiveCfg = Release|Any CPU
		{840AF479-5227-4100-A8E0-2C62361FE98B}.Release|Any CPU.Build.0 = Release|Any CPU
		{840AF479-5227-4100-A8E0-2C62361FE98B}.Installer|Any CPU.Build.0 = Release|Any CPU
	EndGlobalSection
	GlobalSection(SolutionProperties) = preSolution
		HideSolutionNode = FALSE
	EndGlobalSection
	GlobalSection(NestedProjects) = preSolution
		{EB8D635B-0DEC-4B16-B7C0-31B74C1DB2A8} = {9A97E4F0-D49C-44F2-BFAD-2F8DE783611E}
		{B5C332C9-A9A0-4707-BD95-EB5F60E03B87} = {9A97E4F0-D49C-44F2-BFAD-2F8DE783611E}
		{840AF479-5227-4100-A8E0-2C62361FE98B} = {9A97E4F0-D49C-44F2-BFAD-2F8DE783611E}
	EndGlobalSection
	GlobalSection(ExtensibilityGlobals) = postSolution
		SolutionGuid = {DA402884-3505-43C8-8114-271D66001F6B}
	EndGlobalSection
EndGlobal
